PODS:
  - YDTCUIKit (0.1.0)

DEPENDENCIES:
  - YDTCUIKit (from `../YDTCUIKit.podspec`)

EXTERNAL SOURCES:
  YDTCUIKit:
    :path: "../YDTCUIKit.podspec"

SPEC CHECKSUMS:
  YDTCUIKit: b16b07dc269586c471f41e6f8c16b6a7352239ef

PODFILE CHECKSUM: 54e084b175b48273b34ab7b0c8e3814bbf03d072

COCOAPODS: 1.9.3
